
Microsoft Visual Studio Solution File, Format Version 12.00
# Visual Studio Version 17
VisualStudioVersion = 17.14.36401.2 d17.14
MinimumVisualStudioVersion = 10.0.40219.1
Project("{FAE04EC0-301F-11D3-BF4B-00C04F79EFBC}") = "ITOTicketManagementSystem", "ITOTicketManagementSystem\ITOTicketManagementSystem.csproj", "{1EB4BEF7-1726-4E78-BD39-C8FA6005B095}"
EndProject
Global
	GlobalSection(SolutionConfigurationPlatforms) = preSolution
		Debug|Any CPU = Debug|Any CPU
		Release|Any CPU = Release|Any CPU
	EndGlobalSection
	GlobalSection(ProjectConfigurationPlatforms) = postSolution
		{1EB4BEF7-1726-4E78-BD39-C8FA6005B095}.Debug|Any CPU.ActiveCfg = Debug|Any CPU
		{1EB4BEF7-1726-4E78-BD39-C8FA6005B095}.Debug|Any CPU.Build.0 = Debug|Any CPU
		{1EB4BEF7-1726-4E78-BD39-C8FA6005B095}.Release|Any CPU.ActiveCfg = Release|Any CPU
		{1EB4BEF7-1726-4E78-BD39-C8FA6005B095}.Release|Any CPU.Build.0 = Release|Any CPU
	EndGlobalSection
	GlobalSection(SolutionProperties) = preSolution
		HideSolutionNode = FALSE
	EndGlobalSection
	GlobalSection(ExtensibilityGlobals) = postSolution
		SolutionGuid = {C3F11910-E019-4723-9D5E-7D3176E18984}
	EndGlobalSection
EndGlobal
